
Microsoft Visual Studio Solution File, Format Version 12.00
# Visual Studio 2012
Project("{2150E333-8FDC-42A3-9474-1A3956D46DE8}") = "02_Domain", "02_Domain", "{19F6F0A9-72E7-46CE-811D-15884D8568DF}"
EndProject
Project("{2150E333-8FDC-42A3-9474-1A3956D46DE8}") = "03_DataAccess", "03_DataAccess", "{46FAD344-6FFF-4DBB-814B-51B11689C964}"
EndProject
Project("{2150E333-8FDC-42A3-9474-1A3956D46DE8}") = "00_Untity", "00_Untity", "{A5B52D14-04D3-4BA3-9A0C-02B42958167C}"
EndProject
Project("{2150E333-8FDC-42A3-9474-1A3956D46DE8}") = "05_UnitTest", "05_UnitTest", "{2B4F5C9B-EC83-4275-90BA-879F2737B636}"
EndProject
Project("{2150E333-8FDC-42A3-9474-1A3956D46DE8}") = "06_ReferenceLib", "06_ReferenceLib", "{045106DE-F3C8-4C87-88F7-3951F4B60F4A}"
EndProject
Project("{FAE04EC0-301F-11D3-BF4B-00C04F79EFBC}") = "UntityTester", "05_UnitTest\UntityTester\UntityTester.csproj", "{B760E561-90A5-440A-BEC6-991D1025E11A}"
EndProject
Project("{2150E333-8FDC-42A3-9474-1A3956D46DE8}") = "01_Host", "01_Host", "{BD689D34-8BDE-47A5-83D0-B5C1BF930A68}"
EndProject
Project("{FAE04EC0-301F-11D3-BF4B-00C04F79EFBC}") = "RestAPI", "01_Host\RestAPI\RestAPI.csproj", "{86973116-17FF-46C6-A43D-E54C8143E0DC}"
EndProject
Project("{2150E333-8FDC-42A3-9474-1A3956D46DE8}") = "Financial", "Financial", "{6494B5B5-FF6F-4833-8124-B6A462DA6CEB}"
EndProject
Project("{FAE04EC0-301F-11D3-BF4B-00C04F79EFBC}") = "Domain.Financial.Service", "02_Domain\Financial\Domain.Financial.Service\Domain.Financial.Service.csproj", "{F46EC466-9E3D-4CBC-BE15-65EFFE2A6A14}"
EndProject
Project("{FAE04EC0-301F-11D3-BF4B-00C04F79EFBC}") = "Domain.Financial.Core", "02_Domain\Financial\Domain.Financial.Core\Domain.Financial.Core.csproj", "{3A271A32-EC6D-435D-A861-68E6E57358FA}"
EndProject
Project("{FAE04EC0-301F-11D3-BF4B-00C04F79EFBC}") = "DataAccess.Financial.Core", "03_DataAccess\Financial\DataAccess.Financial.Core\DataAccess.Financial.Core.csproj", "{4CBEA8D3-8477-4042-BE03-5FE85CC30FF9}"
EndProject
Project("{2150E333-8FDC-42A3-9474-1A3956D46DE8}") = "Financial", "Financial", "{8E5DCD3F-2109-4AAF-8795-F9ECAFB6BBBD}"
EndProject
Project("{2150E333-8FDC-42A3-9474-1A3956D46DE8}") = "Configuration", "Configuration", "{1E69DA87-A4A4-4849-AD28-A50F4085791B}"
EndProject
Project("{FAE04EC0-301F-11D3-BF4B-00C04F79EFBC}") = "Domain.Configuration.Service", "02_Domain\Configuration\Domain.Configuration.Service\Domain.Configuration.Service.csproj", "{3C449128-0242-49F3-8D37-03BB58EC0496}"
EndProject
Global
	GlobalSection(SolutionConfigurationPlatforms) = preSolution
		Debug|Any CPU = Debug|Any CPU
		Release|Any CPU = Release|Any CPU
	EndGlobalSection
	GlobalSection(ProjectConfigurationPlatforms) = postSolution
		{B760E561-90A5-440A-BEC6-991D1025E11A}.Debug|Any CPU.ActiveCfg = Debug|Any CPU
		{B760E561-90A5-440A-BEC6-991D1025E11A}.Debug|Any CPU.Build.0 = Debug|Any CPU
		{B760E561-90A5-440A-BEC6-991D1025E11A}.Release|Any CPU.ActiveCfg = Release|Any CPU
		{B760E561-90A5-440A-BEC6-991D1025E11A}.Release|Any CPU.Build.0 = Release|Any CPU
		{86973116-17FF-46C6-A43D-E54C8143E0DC}.Debug|Any CPU.ActiveCfg = Debug|Any CPU
		{86973116-17FF-46C6-A43D-E54C8143E0DC}.Debug|Any CPU.Build.0 = Debug|Any CPU
		{86973116-17FF-46C6-A43D-E54C8143E0DC}.Release|Any CPU.ActiveCfg = Release|Any CPU
		{86973116-17FF-46C6-A43D-E54C8143E0DC}.Release|Any CPU.Build.0 = Release|Any CPU
		{F46EC466-9E3D-4CBC-BE15-65EFFE2A6A14}.Debug|Any CPU.ActiveCfg = Debug|Any CPU
		{F46EC466-9E3D-4CBC-BE15-65EFFE2A6A14}.Debug|Any CPU.Build.0 = Debug|Any CPU
		{F46EC466-9E3D-4CBC-BE15-65EFFE2A6A14}.Release|Any CPU.ActiveCfg = Release|Any CPU
		{F46EC466-9E3D-4CBC-BE15-65EFFE2A6A14}.Release|Any CPU.Build.0 = Release|Any CPU
		{3A271A32-EC6D-435D-A861-68E6E57358FA}.Debug|Any CPU.ActiveCfg = Debug|Any CPU
		{3A271A32-EC6D-435D-A861-68E6E57358FA}.Debug|Any CPU.Build.0 = Debug|Any CPU
		{3A271A32-EC6D-435D-A861-68E6E57358FA}.Release|Any CPU.ActiveCfg = Release|Any CPU
		{3A271A32-EC6D-435D-A861-68E6E57358FA}.Release|Any CPU.Build.0 = Release|Any CPU
		{4CBEA8D3-8477-4042-BE03-5FE85CC30FF9}.Debug|Any CPU.ActiveCfg = Debug|Any CPU
		{4CBEA8D3-8477-4042-BE03-5FE85CC30FF9}.Debug|Any CPU.Build.0 = Debug|Any CPU
		{4CBEA8D3-8477-4042-BE03-5FE85CC30FF9}.Release|Any CPU.ActiveCfg = Release|Any CPU
		{4CBEA8D3-8477-4042-BE03-5FE85CC30FF9}.Release|Any CPU.Build.0 = Release|Any CPU
		{3C449128-0242-49F3-8D37-03BB58EC0496}.Debug|Any CPU.ActiveCfg = Debug|Any CPU
		{3C449128-0242-49F3-8D37-03BB58EC0496}.Debug|Any CPU.Build.0 = Debug|Any CPU
		{3C449128-0242-49F3-8D37-03BB58EC0496}.Release|Any CPU.ActiveCfg = Release|Any CPU
		{3C449128-0242-49F3-8D37-03BB58EC0496}.Release|Any CPU.Build.0 = Release|Any CPU
	EndGlobalSection
	GlobalSection(SolutionProperties) = preSolution
		HideSolutionNode = FALSE
	EndGlobalSection
	GlobalSection(NestedProjects) = preSolution
		{6494B5B5-FF6F-4833-8124-B6A462DA6CEB} = {19F6F0A9-72E7-46CE-811D-15884D8568DF}
		{1E69DA87-A4A4-4849-AD28-A50F4085791B} = {19F6F0A9-72E7-46CE-811D-15884D8568DF}
		{8E5DCD3F-2109-4AAF-8795-F9ECAFB6BBBD} = {46FAD344-6FFF-4DBB-814B-51B11689C964}
		{B760E561-90A5-440A-BEC6-991D1025E11A} = {2B4F5C9B-EC83-4275-90BA-879F2737B636}
		{86973116-17FF-46C6-A43D-E54C8143E0DC} = {BD689D34-8BDE-47A5-83D0-B5C1BF930A68}
		{F46EC466-9E3D-4CBC-BE15-65EFFE2A6A14} = {6494B5B5-FF6F-4833-8124-B6A462DA6CEB}
		{3A271A32-EC6D-435D-A861-68E6E57358FA} = {6494B5B5-FF6F-4833-8124-B6A462DA6CEB}
		{4CBEA8D3-8477-4042-BE03-5FE85CC30FF9} = {8E5DCD3F-2109-4AAF-8795-F9ECAFB6BBBD}
		{3C449128-0242-49F3-8D37-03BB58EC0496} = {1E69DA87-A4A4-4849-AD28-A50F4085791B}
	EndGlobalSection
EndGlobal
